
Microsoft Visual Studio Solution File, Format Version 12.00
# Visual Studio 15
VisualStudioVersion = 15.0.28307.421
MinimumVisualStudioVersion = 10.0.40219.1
Project("{8BC9CEB8-8B4A-11D0-8D11-00A0C91BC942}") = "SDLProject", "SDLProject\SDLProject.vcxproj", "{139FD2D4-7882-4EE3-A95F-46BB80B5243C}"
EndProject
Global
	GlobalSection(SolutionConfigurationPlatforms) = preSolution
		Debug|x64 = Debug|x64
		Debug|x86 = Debug|x86
		Release|x64 = Release|x64
		Release|x86 = Release|x86
	EndGlobalSection
	GlobalSection(ProjectConfigurationPlatforms) = postSolution
		{139FD2D4-7882-4EE3-A95F-46BB80B5243C}.Debug|x64.ActiveCfg = Debug|x64
		{139FD2D4-7882-4EE3-A95F-46BB80B5243C}.Debug|x64.Build.0 = Debug|x64
		{139FD2D4-7882-4EE3-A95F-46BB80B5243C}.Debug|x86.ActiveCfg = Debug|Win32
		{139FD2D4-7882-4EE3-A95F-46BB80B5243C}.Debug|x86.Build.0 = Debug|Win32
		{139FD2D4-7882-4EE3-A95F-46BB80B5243C}.Release|x64.ActiveCfg = Release|x64
		{139FD2D4-7882-4EE3-A95F-46BB80B5243C}.Release|x64.Build.0 = Release|x64
		{139FD2D4-7882-4EE3-A95F-46BB80B5243C}.Release|x86.ActiveCfg = Release|Win32
		{139FD2D4-7882-4EE3-A95F-46BB80B5243C}.Release|x86.Build.0 = Release|Win32
	EndGlobalSection
	GlobalSection(SolutionProperties) = preSolution
		HideSolutionNode = FALSE
	EndGlobalSection
	GlobalSection(ExtensibilityGlobals) = postSolution
		SolutionGuid = {FAF0E082-4F73-4EA1-8D87-766152E9E7FD}
	EndGlobalSection
EndGlobal
